<?xml version="1.0" encoding="utf-8"?>
<Project ToolsVersion="4.0" xmlns="http://schemas.microsoft.com/developer/msbuild/2003">
  <ItemGroup>
    <Filter Include="Source Files">
      <UniqueIdentifier>{d258a675-3db2-4282-ba92-8ba9c1fb49f1}</UniqueIdentifier>
      <Extensions>cpp;c;cxx;rc;def;r;odl;idl;hpj;bat</Extensions>
    </Filter>
    <Filter Include="Header Files">
      <UniqueIdentifier>{c9b29c10-c90d-49b0-b0e2-ce1701d9fd37}</UniqueIdentifier>
      <Extensions>h;hpp;hxx;hm;inl</Extensions>
    </Filter>
  </ItemGroup>
  <ItemGroup>
    <ClCompile Include="blob.cpp">
      <Filter>Source Files</Filter>
    </ClCompile>
    <ClCompile Include="BlobExtraction.cpp">
      <Filter>Source Files</Filter>
    </ClCompile>
    <ClCompile Include="BlobResult.cpp">
      <Filter>Source Files</Filter>
    </ClCompile>
  </ItemGroup>
  <ItemGroup>
    <ClInclude Include="blob.h">
      <Filter>Header Files</Filter>
    </ClInclude>
    <ClInclude Include="BlobExtraction.h">
      <Filter>Header Files</Filter>
    </ClInclude>
    <ClInclude Include="BlobResult.h">
      <Filter>Header Files</Filter>
    </ClInclude>
  </ItemGroup>
</Project>